
Microsoft Visual Studio Solution File, Format Version 12.00
# Visual Studio 15
VisualStudioVersion = 15.0.27004.2005
MinimumVisualStudioVersion = 10.0.40219.1
Project("{FAE04EC0-301F-11D3-BF4B-00C04F79EFBC}") = "WcfCustomisation", "WcfCustomisation\WcfCustomisation.csproj", "{BCAB2BD7-ACA2-439A-9022-A8D9710B01FB}"
EndProject
Global
	GlobalSection(SolutionConfigurationPlatforms) = preSolution
		Debug|Any CPU = Debug|Any CPU
		Release|Any CPU = Release|Any CPU
	EndGlobalSection
	GlobalSection(ProjectConfigurationPlatforms) = postSolution
		{BCAB2BD7-ACA2-439A-9022-A8D9710B01FB}.Debug|Any CPU.ActiveCfg = Debug|Any CPU
		{BCAB2BD7-ACA2-439A-9022-A8D9710B01FB}.Debug|Any CPU.Build.0 = Debug|Any CPU
		{BCAB2BD7-ACA2-439A-9022-A8D9710B01FB}.Release|Any CPU.ActiveCfg = Release|Any CPU
		{BCAB2BD7-ACA2-439A-9022-A8D9710B01FB}.Release|Any CPU.Build.0 = Release|Any CPU
	EndGlobalSection
	GlobalSection(SolutionProperties) = preSolution
		HideSolutionNode = FALSE
	EndGlobalSection
	GlobalSection(ExtensibilityGlobals) = postSolution
		SolutionGuid = {629C70C2-6712-4A65-AAC5-DE470C9FCDB1}
	EndGlobalSection
EndGlobal
